
Microsoft Visual Studio Solution File, Format Version 12.00
# Visual Studio Version 17
VisualStudioVersion = 17.10.35027.167
MinimumVisualStudioVersion = 10.0.40219.1
Project("{2150E333-8FDC-42A3-9474-1A3956D46DE8}") = "API", "API", "{C688AA57-22E8-42B3-8C61-EEA655F8F6D0}"
EndProject
Project("{9A19103F-16F7-4668-BE54-9A1E7A4F7556}") = "FIAP.TECH.API.CONSULT", "FIAP.TECH.API.CONSULT\FIAP.TECH.API.CONSULT.csproj", "{76A4B7D9-5259-472D-8533-C1119E2185B8}"
EndProject
Project("{9A19103F-16F7-4668-BE54-9A1E7A4F7556}") = "FIAP.TECH.API.CREATION", "FIAP.TECH.API.CREATION\FIAP.TECH.API.CREATION.csproj", "{FB98737B-A78E-4696-ACD2-E426064FC4B8}"
EndProject
Project("{9A19103F-16F7-4668-BE54-9A1E7A4F7556}") = "FIAP.TECH.API.DELETION", "FIAP.TECH.API.DELETION\FIAP.TECH.API.DELETION.csproj", "{88F8303A-388E-4D5D-9CED-876DE5ED2ECD}"
EndProject
Project("{9A19103F-16F7-4668-BE54-9A1E7A4F7556}") = "FIAP.TECH.API.UPDATE", "FIAP.TECH.API.UPDATE\FIAP.TECH.API.UPDATE.csproj", "{89FB433F-A9D0-46E9-9A60-5479BEB16DCB}"
EndProject
Project("{2150E333-8FDC-42A3-9474-1A3956D46DE8}") = "CORE", "CORE", "{73F0EA44-BB29-46C3-9A72-520416840D01}"
EndProject
Project("{2150E333-8FDC-42A3-9474-1A3956D46DE8}") = "WORK", "WORK", "{F955CBE7-EC8A-4FB6-BA4C-B3169D1E77F6}"
EndProject
Project("{9A19103F-16F7-4668-BE54-9A1E7A4F7556}") = "FIAP.TECH.WORK", "FIAP.TECH.WORK\FIAP.TECH.WORK.csproj", "{1D19BF97-5469-4E20-80CE-06968121EF56}"
EndProject
Project("{2150E333-8FDC-42A3-9474-1A3956D46DE8}") = "INFRASTRUCTURE", "INFRASTRUCTURE", "{BB07A55D-4977-47E5-BCE7-9D5A96C07193}"
EndProject
Project("{9A19103F-16F7-4668-BE54-9A1E7A4F7556}") = "FIAP.TECH.INFRASTRUCTURE", "FIAP.TECH.INFRASTRUCTURE\FIAP.TECH.INFRASTRUCTURE.csproj", "{744D0BE7-AD8A-4D8A-82C7-5FF9635F658F}"
EndProject
Project("{9A19103F-16F7-4668-BE54-9A1E7A4F7556}") = "FIAP.TECH.CORE.APPLICATION", "FIAP.TECH.CORE.APPLICATION\FIAP.TECH.CORE.APPLICATION.csproj", "{B5928CF1-49FE-45C8-B9A4-2BD26602D73E}"
EndProject
Project("{9A19103F-16F7-4668-BE54-9A1E7A4F7556}") = "FIAP.TECH.CORE.DOMAIN", "FIAP.TECH.CORE.DOMAIN\FIAP.TECH.CORE.DOMAIN.csproj", "{26C327BE-0A26-4B61-892D-6DACB679A9FD}"
EndProject
Project("{9A19103F-16F7-4668-BE54-9A1E7A4F7556}") = "FIAP.TECH.AUTH", "FIAP.TECH.AUTH\FIAP.TECH.AUTH.csproj", "{95F5DD9C-365A-45EF-AD46-1F1086CCF543}"
EndProject
Project("{FAE04EC0-301F-11D3-BF4B-00C04F79EFBC}") = "FIAP.TECH.WORK.SERVICE", "FIAP.TECH.WORK.SERVICE\FIAP.TECH.WORK.SERVICE.csproj", "{7D46CF80-85FC-4AF7-AF00-7036EA075B58}"
EndProject
Global
	GlobalSection(SolutionConfigurationPlatforms) = preSolution
		Debug|Any CPU = Debug|Any CPU
		Release|Any CPU = Release|Any CPU
	EndGlobalSection
	GlobalSection(ProjectConfigurationPlatforms) = postSolution
		{76A4B7D9-5259-472D-8533-C1119E2185B8}.Debug|Any CPU.ActiveCfg = Debug|Any CPU
		{76A4B7D9-5259-472D-8533-C1119E2185B8}.Debug|Any CPU.Build.0 = Debug|Any CPU
		{76A4B7D9-5259-472D-8533-C1119E2185B8}.Release|Any CPU.ActiveCfg = Release|Any CPU
		{76A4B7D9-5259-472D-8533-C1119E2185B8}.Release|Any CPU.Build.0 = Release|Any CPU
		{FB98737B-A78E-4696-ACD2-E426064FC4B8}.Debug|Any CPU.ActiveCfg = Debug|Any CPU
		{FB98737B-A78E-4696-ACD2-E426064FC4B8}.Debug|Any CPU.Build.0 = Debug|Any CPU
		{FB98737B-A78E-4696-ACD2-E426064FC4B8}.Release|Any CPU.ActiveCfg = Release|Any CPU
		{FB98737B-A78E-4696-ACD2-E426064FC4B8}.Release|Any CPU.Build.0 = Release|Any CPU
		{88F8303A-388E-4D5D-9CED-876DE5ED2ECD}.Debug|Any CPU.ActiveCfg = Debug|Any CPU
		{88F8303A-388E-4D5D-9CED-876DE5ED2ECD}.Debug|Any CPU.Build.0 = Debug|Any CPU
		{88F8303A-388E-4D5D-9CED-876DE5ED2ECD}.Release|Any CPU.ActiveCfg = Release|Any CPU
		{88F8303A-388E-4D5D-9CED-876DE5ED2ECD}.Release|Any CPU.Build.0 = Release|Any CPU
		{89FB433F-A9D0-46E9-9A60-5479BEB16DCB}.Debug|Any CPU.ActiveCfg = Debug|Any CPU
		{89FB433F-A9D0-46E9-9A60-5479BEB16DCB}.Debug|Any CPU.Build.0 = Debug|Any CPU
		{89FB433F-A9D0-46E9-9A60-5479BEB16DCB}.Release|Any CPU.ActiveCfg = Release|Any CPU
		{89FB433F-A9D0-46E9-9A60-5479BEB16DCB}.Release|Any CPU.Build.0 = Release|Any CPU
		{1D19BF97-5469-4E20-80CE-06968121EF56}.Debug|Any CPU.ActiveCfg = Debug|Any CPU
		{1D19BF97-5469-4E20-80CE-06968121EF56}.Debug|Any CPU.Build.0 = Debug|Any CPU
		{1D19BF97-5469-4E20-80CE-06968121EF56}.Release|Any CPU.ActiveCfg = Release|Any CPU
		{1D19BF97-5469-4E20-80CE-06968121EF56}.Release|Any CPU.Build.0 = Release|Any CPU
		{744D0BE7-AD8A-4D8A-82C7-5FF9635F658F}.Debug|Any CPU.ActiveCfg = Debug|Any CPU
		{744D0BE7-AD8A-4D8A-82C7-5FF9635F658F}.Debug|Any CPU.Build.0 = Debug|Any CPU
		{744D0BE7-AD8A-4D8A-82C7-5FF9635F658F}.Release|Any CPU.ActiveCfg = Release|Any CPU
		{744D0BE7-AD8A-4D8A-82C7-5FF9635F658F}.Release|Any CPU.Build.0 = Release|Any CPU
		{B5928CF1-49FE-45C8-B9A4-2BD26602D73E}.Debug|Any CPU.ActiveCfg = Debug|Any CPU
		{B5928CF1-49FE-45C8-B9A4-2BD26602D73E}.Debug|Any CPU.Build.0 = Debug|Any CPU
		{B5928CF1-49FE-45C8-B9A4-2BD26602D73E}.Release|Any CPU.ActiveCfg = Release|Any CPU
		{B5928CF1-49FE-45C8-B9A4-2BD26602D73E}.Release|Any CPU.Build.0 = Release|Any CPU
		{26C327BE-0A26-4B61-892D-6DACB679A9FD}.Debug|Any CPU.ActiveCfg = Debug|Any CPU
		{26C327BE-0A26-4B61-892D-6DACB679A9FD}.Debug|Any CPU.Build.0 = Debug|Any CPU
		{26C327BE-0A26-4B61-892D-6DACB679A9FD}.Release|Any CPU.ActiveCfg = Release|Any CPU
		{26C327BE-0A26-4B61-892D-6DACB679A9FD}.Release|Any CPU.Build.0 = Release|Any CPU
		{95F5DD9C-365A-45EF-AD46-1F1086CCF543}.Debug|Any CPU.ActiveCfg = Debug|Any CPU
		{95F5DD9C-365A-45EF-AD46-1F1086CCF543}.Debug|Any CPU.Build.0 = Debug|Any CPU
		{95F5DD9C-365A-45EF-AD46-1F1086CCF543}.Release|Any CPU.ActiveCfg = Release|Any CPU
		{95F5DD9C-365A-45EF-AD46-1F1086CCF543}.Release|Any CPU.Build.0 = Release|Any CPU
		{7D46CF80-85FC-4AF7-AF00-7036EA075B58}.Debug|Any CPU.ActiveCfg = Debug|Any CPU
		{7D46CF80-85FC-4AF7-AF00-7036EA075B58}.Debug|Any CPU.Build.0 = Debug|Any CPU
		{7D46CF80-85FC-4AF7-AF00-7036EA075B58}.Release|Any CPU.ActiveCfg = Release|Any CPU
		{7D46CF80-85FC-4AF7-AF00-7036EA075B58}.Release|Any CPU.Build.0 = Release|Any CPU
	EndGlobalSection
	GlobalSection(SolutionProperties) = preSolution
		HideSolutionNode = FALSE
	EndGlobalSection
	GlobalSection(NestedProjects) = preSolution
		{76A4B7D9-5259-472D-8533-C1119E2185B8} = {C688AA57-22E8-42B3-8C61-EEA655F8F6D0}
		{FB98737B-A78E-4696-ACD2-E426064FC4B8} = {C688AA57-22E8-42B3-8C61-EEA655F8F6D0}
		{88F8303A-388E-4D5D-9CED-876DE5ED2ECD} = {C688AA57-22E8-42B3-8C61-EEA655F8F6D0}
		{89FB433F-A9D0-46E9-9A60-5479BEB16DCB} = {C688AA57-22E8-42B3-8C61-EEA655F8F6D0}
		{1D19BF97-5469-4E20-80CE-06968121EF56} = {F955CBE7-EC8A-4FB6-BA4C-B3169D1E77F6}
		{744D0BE7-AD8A-4D8A-82C7-5FF9635F658F} = {BB07A55D-4977-47E5-BCE7-9D5A96C07193}
		{B5928CF1-49FE-45C8-B9A4-2BD26602D73E} = {73F0EA44-BB29-46C3-9A72-520416840D01}
		{26C327BE-0A26-4B61-892D-6DACB679A9FD} = {73F0EA44-BB29-46C3-9A72-520416840D01}
		{95F5DD9C-365A-45EF-AD46-1F1086CCF543} = {C688AA57-22E8-42B3-8C61-EEA655F8F6D0}
		{7D46CF80-85FC-4AF7-AF00-7036EA075B58} = {F955CBE7-EC8A-4FB6-BA4C-B3169D1E77F6}
	EndGlobalSection
	GlobalSection(ExtensibilityGlobals) = postSolution
		SolutionGuid = {9E61152D-A566-43E4-8D17-99C8952DD73A}
	EndGlobalSection
EndGlobal
